
Microsoft Visual Studio Solution File, Format Version 12.00
# Visual Studio Version 16
VisualStudioVersion = 16.0.28803.352
MinimumVisualStudioVersion = 10.0.40219.1
Project("{FAE04EC0-301F-11D3-BF4B-00C04F79EFBC}") = "Vidly", "Vidly\Vidly.csproj", "{9C4B9B4B-8C36-4E4F-B0F5-71F7272D575C}"
EndProject
Global
	GlobalSection(SolutionConfigurationPlatforms) = preSolution
		Debug|Any CPU = Debug|Any CPU
		Release|Any CPU = Release|Any CPU
	EndGlobalSection
	GlobalSection(ProjectConfigurationPlatforms) = postSolution
		{9C4B9B4B-8C36-4E4F-B0F5-71F7272D575C}.Debug|Any CPU.ActiveCfg = Debug|Any CPU
		{9C4B9B4B-8C36-4E4F-B0F5-71F7272D575C}.Debug|Any CPU.Build.0 = Debug|Any CPU
		{9C4B9B4B-8C36-4E4F-B0F5-71F7272D575C}.Release|Any CPU.ActiveCfg = Release|Any CPU
		{9C4B9B4B-8C36-4E4F-B0F5-71F7272D575C}.Release|Any CPU.Build.0 = Release|Any CPU
	EndGlobalSection
	GlobalSection(SolutionProperties) = preSolution
		HideSolutionNode = FALSE
	EndGlobalSection
	GlobalSection(ExtensibilityGlobals) = postSolution
		SolutionGuid = {F2336B2F-D71C-49AE-916E-811D1016A752}
	EndGlobalSection
EndGlobal
